
Microsoft Visual Studio Solution File, Format Version 12.00
# Visual Studio 15
Project("{FAE04EC0-301F-11D3-BF4B-00C04F79EFBC}") = "Assembly-CSharp", "Assembly-CSharp.csproj", "{EBC56011-D29E-7359-FA27-F76B77496054}"
EndProject
Project("{FAE04EC0-301F-11D3-BF4B-00C04F79EFBC}") = "Assembly-CSharp-firstpass", "Assembly-CSharp-firstpass.csproj", "{0ADDEC7F-90A9-C9FB-218E-EB72221164F8}"
EndProject
Project("{FAE04EC0-301F-11D3-BF4B-00C04F79EFBC}") = "Assembly-CSharp-Editor-firstpass", "Assembly-CSharp-Editor-firstpass.csproj", "{5CBDA1F2-F8B6-0080-E821-35A1C819DAF2}"
EndProject
Global
	GlobalSection(SolutionConfigurationPlatforms) = preSolution
		Debug|Any CPU = Debug|Any CPU
		Release|Any CPU = Release|Any CPU
	EndGlobalSection
	GlobalSection(ProjectConfigurationPlatforms) = postSolution
		{EBC56011-D29E-7359-FA27-F76B77496054}.Debug|Any CPU.ActiveCfg = Debug|Any CPU
		{EBC56011-D29E-7359-FA27-F76B77496054}.Debug|Any CPU.Build.0 = Debug|Any CPU
		{EBC56011-D29E-7359-FA27-F76B77496054}.Release|Any CPU.ActiveCfg = Release|Any CPU
		{EBC56011-D29E-7359-FA27-F76B77496054}.Release|Any CPU.Build.0 = Release|Any CPU
		{0ADDEC7F-90A9-C9FB-218E-EB72221164F8}.Debug|Any CPU.ActiveCfg = Debug|Any CPU
		{0ADDEC7F-90A9-C9FB-218E-EB72221164F8}.Debug|Any CPU.Build.0 = Debug|Any CPU
		{0ADDEC7F-90A9-C9FB-218E-EB72221164F8}.Release|Any CPU.ActiveCfg = Release|Any CPU
		{0ADDEC7F-90A9-C9FB-218E-EB72221164F8}.Release|Any CPU.Build.0 = Release|Any CPU
		{5CBDA1F2-F8B6-0080-E821-35A1C819DAF2}.Debug|Any CPU.ActiveCfg = Debug|Any CPU
		{5CBDA1F2-F8B6-0080-E821-35A1C819DAF2}.Debug|Any CPU.Build.0 = Debug|Any CPU
		{5CBDA1F2-F8B6-0080-E821-35A1C819DAF2}.Release|Any CPU.ActiveCfg = Release|Any CPU
		{5CBDA1F2-F8B6-0080-E821-35A1C819DAF2}.Release|Any CPU.Build.0 = Release|Any CPU
	EndGlobalSection
	GlobalSection(SolutionProperties) = preSolution
		HideSolutionNode = FALSE
	EndGlobalSection
EndGlobal
